
Microsoft Visual Studio Solution File, Format Version 12.00
# Visual Studio Version 17
VisualStudioVersion = 17.4.33205.214
MinimumVisualStudioVersion = 10.0.40219.1
Project("{FAE04EC0-301F-11D3-BF4B-00C04F79EFBC}") = "FinanceServices", "FinanceServices\FinanceServices.csproj", "{4660BA4B-697B-4F94-A292-26C12961FFFB}"
EndProject
Project("{FAE04EC0-301F-11D3-BF4B-00C04F79EFBC}") = "Host", "Host\Host.csproj", "{F92E9B0C-C8C2-4B29-967B-A94762D99362}"
EndProject
Project("{FAE04EC0-301F-11D3-BF4B-00C04F79EFBC}") = "Client", "Client\Client.csproj", "{9E260427-A625-4E12-9E44-9C717A97A498}"
EndProject
Global
	GlobalSection(SolutionConfigurationPlatforms) = preSolution
		Debug|Any CPU = Debug|Any CPU
		Release|Any CPU = Release|Any CPU
	EndGlobalSection
	GlobalSection(ProjectConfigurationPlatforms) = postSolution
		{4660BA4B-697B-4F94-A292-26C12961FFFB}.Debug|Any CPU.ActiveCfg = Debug|Any CPU
		{4660BA4B-697B-4F94-A292-26C12961FFFB}.Debug|Any CPU.Build.0 = Debug|Any CPU
		{4660BA4B-697B-4F94-A292-26C12961FFFB}.Release|Any CPU.ActiveCfg = Release|Any CPU
		{4660BA4B-697B-4F94-A292-26C12961FFFB}.Release|Any CPU.Build.0 = Release|Any CPU
		{F92E9B0C-C8C2-4B29-967B-A94762D99362}.Debug|Any CPU.ActiveCfg = Debug|Any CPU
		{F92E9B0C-C8C2-4B29-967B-A94762D99362}.Debug|Any CPU.Build.0 = Debug|Any CPU
		{F92E9B0C-C8C2-4B29-967B-A94762D99362}.Release|Any CPU.ActiveCfg = Release|Any CPU
		{F92E9B0C-C8C2-4B29-967B-A94762D99362}.Release|Any CPU.Build.0 = Release|Any CPU
		{9E260427-A625-4E12-9E44-9C717A97A498}.Debug|Any CPU.ActiveCfg = Debug|Any CPU
		{9E260427-A625-4E12-9E44-9C717A97A498}.Debug|Any CPU.Build.0 = Debug|Any CPU
		{9E260427-A625-4E12-9E44-9C717A97A498}.Release|Any CPU.ActiveCfg = Release|Any CPU
		{9E260427-A625-4E12-9E44-9C717A97A498}.Release|Any CPU.Build.0 = Release|Any CPU
	EndGlobalSection
	GlobalSection(SolutionProperties) = preSolution
		HideSolutionNode = FALSE
	EndGlobalSection
	GlobalSection(ExtensibilityGlobals) = postSolution
		SolutionGuid = {A5AA3638-A027-4753-9285-72480651F2B6}
	EndGlobalSection
EndGlobal
